{
  "name": "@bit/bit.envs.common.preset",
  "version": "0.0.12",
  "lockfileVersion": 1,
  "requires": true,
  "dependencies": {
    "@types/mocha": {
      "version": "5.2.7",
      "resolved": "https://registry.npmjs.org/@types/mocha/-/mocha-5.2.7.tgz",
      "integrity": "sha512-NYrtPht0wGzhwe9+/idPaBB+TqkY9AhTvOLMkThm0IoEfLaiVQZwBwyJ5puCkO3AUCWrmcoePjp2mbFocKy4SQ==",
      "dev": true
    },
    "@types/node": {
      "version": "12.19.14",
      "resolved": "https://registry.npmjs.org/@types/node/-/node-12.19.14.tgz",
      "integrity": "sha512-2U9uLN46+7dv9PiS8VQJcHhuoOjiDPZOLAt0WuA1EanEknIMae+2QbMhayF7cgGqjvRVIfNpt+6jLPczJZFiRw==",
      "dev": true
    }
  }
}
